
Microsoft Visual Studio Solution File, Format Version 12.00
# Visual Studio 15
VisualStudioVersion = 15.0.28306.52
MinimumVisualStudioVersion = 10.0.40219.1
Project("{2150E333-8FDC-42A3-9474-1A3956D46DE8}") = "Test", "Test", "{94748EE1-D3A2-4522-A005-19FF8031C376}"
EndProject
Project("{2150E333-8FDC-42A3-9474-1A3956D46DE8}") = "CreatBear.Core", "CreatBear.Core", "{4FBC8E15-3C2B-490C-BF5B-69561B551A85}"
EndProject
Project("{9A19103F-16F7-4668-BE54-9A1E7A4F7556}") = "GreatBear.Dapper", "GreatBear.Dapper\GreatBear.Dapper.csproj", "{491E6F84-CE30-4E46-B9DE-F6051B650F5D}"
EndProject
Project("{9A19103F-16F7-4668-BE54-9A1E7A4F7556}") = "GreatBear.Core.Tests", "GreatBear.Core.Tests\GreatBear.Core.Tests.csproj", "{5B856223-BE80-4261-9B9E-5EBB8EBB6A65}"
EndProject
Project("{9A19103F-16F7-4668-BE54-9A1E7A4F7556}") = "GreatBear.Core", "GreatBear.Core\GreatBear.Core.csproj", "{F62CA0BD-420D-42D1-9110-4F801049C4FE}"
EndProject
Project("{9A19103F-16F7-4668-BE54-9A1E7A4F7556}") = "GreatBear.Autofac", "GreatBear.Autofac\GreatBear.Autofac.csproj", "{BA21B30A-31C0-434A-BAA5-7FD0B6B4195F}"
EndProject
Project("{9A19103F-16F7-4668-BE54-9A1E7A4F7556}") = "GreatBear.EntityFramework", "GreatBear.EntityFramework\GreatBear.EntityFramework.csproj", "{158A4BF1-8D78-4B64-83C3-069012322D55}"
EndProject
Project("{9A19103F-16F7-4668-BE54-9A1E7A4F7556}") = "GreatBear.Demo.WebApi", "GreatBear.Demo.WebApi\GreatBear.Demo.WebApi.csproj", "{C73168E5-8473-4595-84FF-1BE10C549BE9}"
EndProject
Project("{9A19103F-16F7-4668-BE54-9A1E7A4F7556}") = "GreatBear.Demo.EFCore", "GreatBear.Demo.EFCore\GreatBear.Demo.EFCore.csproj", "{8D279594-F7A2-405D-99ED-13A69278519C}"
EndProject
Project("{9A19103F-16F7-4668-BE54-9A1E7A4F7556}") = "GreatBear.Demo.WebApp", "GreatBear.Demo.WebApp\GreatBear.Demo.WebApp.csproj", "{036E3E16-600A-4752-9849-C10BA05ECA82}"
EndProject
Project("{9A19103F-16F7-4668-BE54-9A1E7A4F7556}") = "GreatBear.Demo.Entities", "GreatBear.Demo.Entities\GreatBear.Demo.Entities.csproj", "{D63D6F9F-F289-4611-8CE1-B049FB066F56}"
EndProject
Project("{9A19103F-16F7-4668-BE54-9A1E7A4F7556}") = "GreatBear.Demo.Application", "GreatBear.Demo.Application\GreatBear.Demo.Application.csproj", "{69E3228D-959B-46A1-99A3-6B0F5BC0A0F6}"
EndProject
Project("{9A19103F-16F7-4668-BE54-9A1E7A4F7556}") = "GreatBear.AutoMapper", "GreatBear.AutoMapper\GreatBear.AutoMapper.csproj", "{9DF9F6C6-95E8-4824-B4AB-5DF4F0185848}"
EndProject
Project("{9A19103F-16F7-4668-BE54-9A1E7A4F7556}") = "GreatBear.MediatR", "GreatBear.MediatR\GreatBear.MediatR.csproj", "{06F922F8-92B0-4085-A3A6-25C0C8F8E609}"
EndProject
Project("{9A19103F-16F7-4668-BE54-9A1E7A4F7556}") = "GreatBear.Log4net", "GreatBear.Log4net\GreatBear.Log4net.csproj", "{1C92D986-65DE-46CF-8EFC-606A3115D5C2}"
EndProject
Global
	GlobalSection(SolutionConfigurationPlatforms) = preSolution
		Debug|Any CPU = Debug|Any CPU
		Release|Any CPU = Release|Any CPU
	EndGlobalSection
	GlobalSection(ProjectConfigurationPlatforms) = postSolution
		{491E6F84-CE30-4E46-B9DE-F6051B650F5D}.Debug|Any CPU.ActiveCfg = Debug|Any CPU
		{491E6F84-CE30-4E46-B9DE-F6051B650F5D}.Debug|Any CPU.Build.0 = Debug|Any CPU
		{491E6F84-CE30-4E46-B9DE-F6051B650F5D}.Release|Any CPU.ActiveCfg = Release|Any CPU
		{491E6F84-CE30-4E46-B9DE-F6051B650F5D}.Release|Any CPU.Build.0 = Release|Any CPU
		{5B856223-BE80-4261-9B9E-5EBB8EBB6A65}.Debug|Any CPU.ActiveCfg = Debug|Any CPU
		{5B856223-BE80-4261-9B9E-5EBB8EBB6A65}.Debug|Any CPU.Build.0 = Debug|Any CPU
		{5B856223-BE80-4261-9B9E-5EBB8EBB6A65}.Release|Any CPU.ActiveCfg = Release|Any CPU
		{5B856223-BE80-4261-9B9E-5EBB8EBB6A65}.Release|Any CPU.Build.0 = Release|Any CPU
		{F62CA0BD-420D-42D1-9110-4F801049C4FE}.Debug|Any CPU.ActiveCfg = Debug|Any CPU
		{F62CA0BD-420D-42D1-9110-4F801049C4FE}.Debug|Any CPU.Build.0 = Debug|Any CPU
		{F62CA0BD-420D-42D1-9110-4F801049C4FE}.Release|Any CPU.ActiveCfg = Release|Any CPU
		{F62CA0BD-420D-42D1-9110-4F801049C4FE}.Release|Any CPU.Build.0 = Release|Any CPU
		{BA21B30A-31C0-434A-BAA5-7FD0B6B4195F}.Debug|Any CPU.ActiveCfg = Debug|Any CPU
		{BA21B30A-31C0-434A-BAA5-7FD0B6B4195F}.Debug|Any CPU.Build.0 = Debug|Any CPU
		{BA21B30A-31C0-434A-BAA5-7FD0B6B4195F}.Release|Any CPU.ActiveCfg = Release|Any CPU
		{BA21B30A-31C0-434A-BAA5-7FD0B6B4195F}.Release|Any CPU.Build.0 = Release|Any CPU
		{158A4BF1-8D78-4B64-83C3-069012322D55}.Debug|Any CPU.ActiveCfg = Debug|Any CPU
		{158A4BF1-8D78-4B64-83C3-069012322D55}.Debug|Any CPU.Build.0 = Debug|Any CPU
		{158A4BF1-8D78-4B64-83C3-069012322D55}.Release|Any CPU.ActiveCfg = Release|Any CPU
		{158A4BF1-8D78-4B64-83C3-069012322D55}.Release|Any CPU.Build.0 = Release|Any CPU
		{C73168E5-8473-4595-84FF-1BE10C549BE9}.Debug|Any CPU.ActiveCfg = Debug|Any CPU
		{C73168E5-8473-4595-84FF-1BE10C549BE9}.Debug|Any CPU.Build.0 = Debug|Any CPU
		{C73168E5-8473-4595-84FF-1BE10C549BE9}.Release|Any CPU.ActiveCfg = Release|Any CPU
		{C73168E5-8473-4595-84FF-1BE10C549BE9}.Release|Any CPU.Build.0 = Release|Any CPU
		{8D279594-F7A2-405D-99ED-13A69278519C}.Debug|Any CPU.ActiveCfg = Debug|Any CPU
		{8D279594-F7A2-405D-99ED-13A69278519C}.Debug|Any CPU.Build.0 = Debug|Any CPU
		{8D279594-F7A2-405D-99ED-13A69278519C}.Release|Any CPU.ActiveCfg = Release|Any CPU
		{8D279594-F7A2-405D-99ED-13A69278519C}.Release|Any CPU.Build.0 = Release|Any CPU
		{036E3E16-600A-4752-9849-C10BA05ECA82}.Debug|Any CPU.ActiveCfg = Debug|Any CPU
		{036E3E16-600A-4752-9849-C10BA05ECA82}.Debug|Any CPU.Build.0 = Debug|Any CPU
		{036E3E16-600A-4752-9849-C10BA05ECA82}.Release|Any CPU.ActiveCfg = Release|Any CPU
		{036E3E16-600A-4752-9849-C10BA05ECA82}.Release|Any CPU.Build.0 = Release|Any CPU
		{D63D6F9F-F289-4611-8CE1-B049FB066F56}.Debug|Any CPU.ActiveCfg = Debug|Any CPU
		{D63D6F9F-F289-4611-8CE1-B049FB066F56}.Debug|Any CPU.Build.0 = Debug|Any CPU
		{D63D6F9F-F289-4611-8CE1-B049FB066F56}.Release|Any CPU.ActiveCfg = Release|Any CPU
		{D63D6F9F-F289-4611-8CE1-B049FB066F56}.Release|Any CPU.Build.0 = Release|Any CPU
		{69E3228D-959B-46A1-99A3-6B0F5BC0A0F6}.Debug|Any CPU.ActiveCfg = Debug|Any CPU
		{69E3228D-959B-46A1-99A3-6B0F5BC0A0F6}.Debug|Any CPU.Build.0 = Debug|Any CPU
		{69E3228D-959B-46A1-99A3-6B0F5BC0A0F6}.Release|Any CPU.ActiveCfg = Release|Any CPU
		{69E3228D-959B-46A1-99A3-6B0F5BC0A0F6}.Release|Any CPU.Build.0 = Release|Any CPU
		{9DF9F6C6-95E8-4824-B4AB-5DF4F0185848}.Debug|Any CPU.ActiveCfg = Debug|Any CPU
		{9DF9F6C6-95E8-4824-B4AB-5DF4F0185848}.Debug|Any CPU.Build.0 = Debug|Any CPU
		{9DF9F6C6-95E8-4824-B4AB-5DF4F0185848}.Release|Any CPU.ActiveCfg = Release|Any CPU
		{9DF9F6C6-95E8-4824-B4AB-5DF4F0185848}.Release|Any CPU.Build.0 = Release|Any CPU
		{06F922F8-92B0-4085-A3A6-25C0C8F8E609}.Debug|Any CPU.ActiveCfg = Debug|Any CPU
		{06F922F8-92B0-4085-A3A6-25C0C8F8E609}.Debug|Any CPU.Build.0 = Debug|Any CPU
		{06F922F8-92B0-4085-A3A6-25C0C8F8E609}.Release|Any CPU.ActiveCfg = Release|Any CPU
		{06F922F8-92B0-4085-A3A6-25C0C8F8E609}.Release|Any CPU.Build.0 = Release|Any CPU
		{1C92D986-65DE-46CF-8EFC-606A3115D5C2}.Debug|Any CPU.ActiveCfg = Debug|Any CPU
		{1C92D986-65DE-46CF-8EFC-606A3115D5C2}.Debug|Any CPU.Build.0 = Debug|Any CPU
		{1C92D986-65DE-46CF-8EFC-606A3115D5C2}.Release|Any CPU.ActiveCfg = Release|Any CPU
		{1C92D986-65DE-46CF-8EFC-606A3115D5C2}.Release|Any CPU.Build.0 = Release|Any CPU
	EndGlobalSection
	GlobalSection(SolutionProperties) = preSolution
		HideSolutionNode = FALSE
	EndGlobalSection
	GlobalSection(NestedProjects) = preSolution
		{491E6F84-CE30-4E46-B9DE-F6051B650F5D} = {4FBC8E15-3C2B-490C-BF5B-69561B551A85}
		{5B856223-BE80-4261-9B9E-5EBB8EBB6A65} = {94748EE1-D3A2-4522-A005-19FF8031C376}
		{F62CA0BD-420D-42D1-9110-4F801049C4FE} = {4FBC8E15-3C2B-490C-BF5B-69561B551A85}
		{BA21B30A-31C0-434A-BAA5-7FD0B6B4195F} = {4FBC8E15-3C2B-490C-BF5B-69561B551A85}
		{158A4BF1-8D78-4B64-83C3-069012322D55} = {4FBC8E15-3C2B-490C-BF5B-69561B551A85}
		{9DF9F6C6-95E8-4824-B4AB-5DF4F0185848} = {4FBC8E15-3C2B-490C-BF5B-69561B551A85}
		{06F922F8-92B0-4085-A3A6-25C0C8F8E609} = {4FBC8E15-3C2B-490C-BF5B-69561B551A85}
		{1C92D986-65DE-46CF-8EFC-606A3115D5C2} = {4FBC8E15-3C2B-490C-BF5B-69561B551A85}
	EndGlobalSection
	GlobalSection(ExtensibilityGlobals) = postSolution
		SolutionGuid = {9FE445AE-333D-4C83-87D9-156C2FE7846F}
	EndGlobalSection
EndGlobal
